
Microsoft Visual Studio Solution File, Format Version 12.00
# Visual Studio 15
VisualStudioVersion = 15.0.27703.2000
MinimumVisualStudioVersion = 10.0.40219.1
Project("{FAE04EC0-301F-11D3-BF4B-00C04F79EFBC}") = "VehicleUpgradesInCyclops", "VehicleUpgradesInCyclops\VehicleUpgradesInCyclops.csproj", "{4186CF53-C9F3-4635-A108-84CF60A2ED0E}"
EndProject
Project("{FAE04EC0-301F-11D3-BF4B-00C04F79EFBC}") = "VModFabricator", "VModFabricator\VModFabricator.csproj", "{C8DC0FC6-B816-4F66-AA20-C1C61F80813F}"
EndProject
Project("{D954291E-2A0B-460D-934E-DC6B0785DB48}") = "Common", "Utilities\Common.shproj", "{91D8D243-2590-4911-A827-C4C929E0AB69}"
EndProject
Project("{FAE04EC0-301F-11D3-BF4B-00C04F79EFBC}") = "MoreCyclopsUpgrades", "MoreCyclopsUpgrades\MoreCyclopsUpgrades.csproj", "{FC87AF94-413D-482E-AB0D-501E120E6E2D}"
EndProject
Project("{FAE04EC0-301F-11D3-BF4B-00C04F79EFBC}") = "UpgradedVehicles", "UpgradedVehicles\UpgradedVehicles.csproj", "{0845CEEA-976E-4D0B-AE5D-7DBBA6FE1476}"
EndProject
Project("{FAE04EC0-301F-11D3-BF4B-00C04F79EFBC}") = "CustomCraft2SML", "CustomCraftSML\CustomCraft2SML.csproj", "{656A031A-0BAE-4633-89F7-0F3464D247E2}"
EndProject
Project("{FAE04EC0-301F-11D3-BF4B-00C04F79EFBC}") = "CustomCraftSMLTests", "CustomCraftSMLTests\CustomCraftSMLTests.csproj", "{76A15559-2893-493A-9EBF-BB7523D2DC04}"
EndProject
Project("{FAE04EC0-301F-11D3-BF4B-00C04F79EFBC}") = "DataBoxScannerFix", "DataBoxScannerFix\DataBoxScannerFix.csproj", "{0FDBC24D-27CF-435F-B49C-D0A8A580971A}"
EndProject
Project("{FAE04EC0-301F-11D3-BF4B-00C04F79EFBC}") = "MidGameBatteries", "MidGameBatteries\MidGameBatteries.csproj", "{A14A9BD2-6817-4BEB-9664-8B24279A3DAB}"
EndProject
Project("{2150E333-8FDC-42A3-9474-1A3956D46DE8}") = "Solution Items", "Solution Items", "{EE047CA7-3B3B-434D-B1CD-E241F8008F23}"
	ProjectSection(SolutionItems) = preProject
		README.md = README.md
	EndProjectSection
EndProject
Project("{FAE04EC0-301F-11D3-BF4B-00C04F79EFBC}") = "BetterBioReactor", "BetterBioReactor\BetterBioReactor.csproj", "{7219CBF2-DA8A-45C3-AEE9-9651B8F1F5FE}"
EndProject
Project("{FAE04EC0-301F-11D3-BF4B-00C04F79EFBC}") = "CyclopsNuclearReactor", "CyclopsNuclearReactor\CyclopsNuclearReactor.csproj", "{D390E5A9-2FFF-48B8-ACFC-9B49F0C1C4CE}"
EndProject
Project("{FAE04EC0-301F-11D3-BF4B-00C04F79EFBC}") = "IonCubeGenerator", "IonCubeGenerator\IonCubeGenerator.csproj", "{55314209-DE35-4A05-A188-EA01FC1DCA95}"
EndProject
Global
	GlobalSection(SharedMSBuildProjectFiles) = preSolution
		Utilities\Utilities.projitems*{0845ceea-976e-4d0b-ae5d-7dbba6fe1476}*SharedItemsImports = 4
		Utilities\Utilities.projitems*{0fdbc24d-27cf-435f-b49c-d0a8a580971a}*SharedItemsImports = 4
		Utilities\Utilities.projitems*{4186cf53-c9f3-4635-a108-84cf60a2ed0e}*SharedItemsImports = 4
		Utilities\Utilities.projitems*{55314209-de35-4a05-a188-ea01fc1dca95}*SharedItemsImports = 4
		Utilities\Utilities.projitems*{656a031a-0bae-4633-89f7-0f3464d247e2}*SharedItemsImports = 4
		Utilities\Utilities.projitems*{7219cbf2-da8a-45c3-aee9-9651b8f1f5fe}*SharedItemsImports = 4
		Utilities\Utilities.projitems*{91d8d243-2590-4911-a827-c4c929e0ab69}*SharedItemsImports = 13
		Utilities\Utilities.projitems*{a14a9bd2-6817-4beb-9664-8b24279a3dab}*SharedItemsImports = 4
		Utilities\Utilities.projitems*{c8dc0fc6-b816-4f66-aa20-c1c61f80813f}*SharedItemsImports = 4
		Utilities\Utilities.projitems*{d390e5a9-2fff-48b8-acfc-9b49f0c1c4ce}*SharedItemsImports = 4
		Utilities\Utilities.projitems*{fc87af94-413d-482e-ab0d-501e120e6e2d}*SharedItemsImports = 4
	EndGlobalSection
	GlobalSection(SolutionConfigurationPlatforms) = preSolution
		Debug|Any CPU = Debug|Any CPU
		Release|Any CPU = Release|Any CPU
	EndGlobalSection
	GlobalSection(ProjectConfigurationPlatforms) = postSolution
		{4186CF53-C9F3-4635-A108-84CF60A2ED0E}.Debug|Any CPU.ActiveCfg = Debug|Any CPU
		{4186CF53-C9F3-4635-A108-84CF60A2ED0E}.Debug|Any CPU.Build.0 = Debug|Any CPU
		{4186CF53-C9F3-4635-A108-84CF60A2ED0E}.Release|Any CPU.ActiveCfg = Release|Any CPU
		{4186CF53-C9F3-4635-A108-84CF60A2ED0E}.Release|Any CPU.Build.0 = Release|Any CPU
		{C8DC0FC6-B816-4F66-AA20-C1C61F80813F}.Debug|Any CPU.ActiveCfg = Debug|Any CPU
		{C8DC0FC6-B816-4F66-AA20-C1C61F80813F}.Debug|Any CPU.Build.0 = Debug|Any CPU
		{C8DC0FC6-B816-4F66-AA20-C1C61F80813F}.Release|Any CPU.ActiveCfg = Release|Any CPU
		{C8DC0FC6-B816-4F66-AA20-C1C61F80813F}.Release|Any CPU.Build.0 = Release|Any CPU
		{FC87AF94-413D-482E-AB0D-501E120E6E2D}.Debug|Any CPU.ActiveCfg = Debug|Any CPU
		{FC87AF94-413D-482E-AB0D-501E120E6E2D}.Debug|Any CPU.Build.0 = Debug|Any CPU
		{FC87AF94-413D-482E-AB0D-501E120E6E2D}.Release|Any CPU.ActiveCfg = Release|Any CPU
		{FC87AF94-413D-482E-AB0D-501E120E6E2D}.Release|Any CPU.Build.0 = Release|Any CPU
		{0845CEEA-976E-4D0B-AE5D-7DBBA6FE1476}.Debug|Any CPU.ActiveCfg = Debug|Any CPU
		{0845CEEA-976E-4D0B-AE5D-7DBBA6FE1476}.Debug|Any CPU.Build.0 = Debug|Any CPU
		{0845CEEA-976E-4D0B-AE5D-7DBBA6FE1476}.Release|Any CPU.ActiveCfg = Release|Any CPU
		{0845CEEA-976E-4D0B-AE5D-7DBBA6FE1476}.Release|Any CPU.Build.0 = Release|Any CPU
		{656A031A-0BAE-4633-89F7-0F3464D247E2}.Debug|Any CPU.ActiveCfg = Debug|Any CPU
		{656A031A-0BAE-4633-89F7-0F3464D247E2}.Debug|Any CPU.Build.0 = Debug|Any CPU
		{656A031A-0BAE-4633-89F7-0F3464D247E2}.Release|Any CPU.ActiveCfg = Release|Any CPU
		{656A031A-0BAE-4633-89F7-0F3464D247E2}.Release|Any CPU.Build.0 = Release|Any CPU
		{76A15559-2893-493A-9EBF-BB7523D2DC04}.Debug|Any CPU.ActiveCfg = Debug|Any CPU
		{76A15559-2893-493A-9EBF-BB7523D2DC04}.Debug|Any CPU.Build.0 = Debug|Any CPU
		{76A15559-2893-493A-9EBF-BB7523D2DC04}.Release|Any CPU.ActiveCfg = Release|Any CPU
		{76A15559-2893-493A-9EBF-BB7523D2DC04}.Release|Any CPU.Build.0 = Release|Any CPU
		{0FDBC24D-27CF-435F-B49C-D0A8A580971A}.Debug|Any CPU.ActiveCfg = Debug|Any CPU
		{0FDBC24D-27CF-435F-B49C-D0A8A580971A}.Debug|Any CPU.Build.0 = Debug|Any CPU
		{0FDBC24D-27CF-435F-B49C-D0A8A580971A}.Release|Any CPU.ActiveCfg = Release|Any CPU
		{0FDBC24D-27CF-435F-B49C-D0A8A580971A}.Release|Any CPU.Build.0 = Release|Any CPU
		{A14A9BD2-6817-4BEB-9664-8B24279A3DAB}.Debug|Any CPU.ActiveCfg = Debug|Any CPU
		{A14A9BD2-6817-4BEB-9664-8B24279A3DAB}.Debug|Any CPU.Build.0 = Debug|Any CPU
		{A14A9BD2-6817-4BEB-9664-8B24279A3DAB}.Release|Any CPU.ActiveCfg = Release|Any CPU
		{A14A9BD2-6817-4BEB-9664-8B24279A3DAB}.Release|Any CPU.Build.0 = Release|Any CPU
		{7219CBF2-DA8A-45C3-AEE9-9651B8F1F5FE}.Debug|Any CPU.ActiveCfg = Debug|Any CPU
		{7219CBF2-DA8A-45C3-AEE9-9651B8F1F5FE}.Debug|Any CPU.Build.0 = Debug|Any CPU
		{7219CBF2-DA8A-45C3-AEE9-9651B8F1F5FE}.Release|Any CPU.ActiveCfg = Release|Any CPU
		{7219CBF2-DA8A-45C3-AEE9-9651B8F1F5FE}.Release|Any CPU.Build.0 = Release|Any CPU
		{D390E5A9-2FFF-48B8-ACFC-9B49F0C1C4CE}.Debug|Any CPU.ActiveCfg = Debug|Any CPU
		{D390E5A9-2FFF-48B8-ACFC-9B49F0C1C4CE}.Debug|Any CPU.Build.0 = Debug|Any CPU
		{D390E5A9-2FFF-48B8-ACFC-9B49F0C1C4CE}.Release|Any CPU.ActiveCfg = Release|Any CPU
		{D390E5A9-2FFF-48B8-ACFC-9B49F0C1C4CE}.Release|Any CPU.Build.0 = Release|Any CPU
		{55314209-DE35-4A05-A188-EA01FC1DCA95}.Debug|Any CPU.ActiveCfg = Debug|Any CPU
		{55314209-DE35-4A05-A188-EA01FC1DCA95}.Debug|Any CPU.Build.0 = Debug|Any CPU
		{55314209-DE35-4A05-A188-EA01FC1DCA95}.Release|Any CPU.ActiveCfg = Release|Any CPU
		{55314209-DE35-4A05-A188-EA01FC1DCA95}.Release|Any CPU.Build.0 = Release|Any CPU
	EndGlobalSection
	GlobalSection(SolutionProperties) = preSolution
		HideSolutionNode = FALSE
	EndGlobalSection
	GlobalSection(ExtensibilityGlobals) = postSolution
		SolutionGuid = {EE0C8D9E-28B2-4836-8250-A175A58A5566}
	EndGlobalSection
EndGlobal
